
Microsoft Visual Studio Solution File, Format Version 12.00
# Visual Studio 15
VisualStudioVersion = 15.0.28307.136
MinimumVisualStudioVersion = 10.0.40219.1
Project("{FAE04EC0-301F-11D3-BF4B-00C04F79EFBC}") = "MeteringStation.Mobile.Android", "MeteringStation.Mobile.Android\MeteringStation.Mobile.Android.csproj", "{D2C5DF5E-6700-4AD6-9330-29A8B7264823}"
EndProject
Project("{9A19103F-16F7-4668-BE54-9A1E7A4F7556}") = "MeteringStation.Mobile", "MeteringStation.Mobile\MeteringStation.Mobile.csproj", "{738CB071-CB9D-456B-856E-04CBBFBBA1B5}"
EndProject
Project("{FAE04EC0-301F-11D3-BF4B-00C04F79EFBC}") = "MeteringStation.Mobile.iOS", "MeteringStation.Mobile.iOS\MeteringStation.Mobile.iOS.csproj", "{B532E988-7DE6-4C95-B71E-5297165739B1}"
EndProject
Project("{FAE04EC0-301F-11D3-BF4B-00C04F79EFBC}") = "MeteringStation.Mobile.Tests", "MeteringStation.Mobile.Tests\MeteringStation.Mobile.Tests.csproj", "{F2212E22-7AA3-4C39-B43C-1F76AA05D7C2}"
EndProject
Global
	GlobalSection(SolutionConfigurationPlatforms) = preSolution
		Ad-Hoc|Any CPU = Ad-Hoc|Any CPU
		Ad-Hoc|iPhone = Ad-Hoc|iPhone
		Ad-Hoc|iPhoneSimulator = Ad-Hoc|iPhoneSimulator
		AppStore|Any CPU = AppStore|Any CPU
		AppStore|iPhone = AppStore|iPhone
		AppStore|iPhoneSimulator = AppStore|iPhoneSimulator
		Debug|Any CPU = Debug|Any CPU
		Debug|iPhone = Debug|iPhone
		Debug|iPhoneSimulator = Debug|iPhoneSimulator
		Release|Any CPU = Release|Any CPU
		Release|iPhone = Release|iPhone
		Release|iPhoneSimulator = Release|iPhoneSimulator
	EndGlobalSection
	GlobalSection(ProjectConfigurationPlatforms) = postSolution
		{D2C5DF5E-6700-4AD6-9330-29A8B7264823}.Ad-Hoc|Any CPU.ActiveCfg = Release|Any CPU
		{D2C5DF5E-6700-4AD6-9330-29A8B7264823}.Ad-Hoc|Any CPU.Build.0 = Release|Any CPU
		{D2C5DF5E-6700-4AD6-9330-29A8B7264823}.Ad-Hoc|Any CPU.Deploy.0 = Release|Any CPU
		{D2C5DF5E-6700-4AD6-9330-29A8B7264823}.Ad-Hoc|iPhone.ActiveCfg = Release|Any CPU
		{D2C5DF5E-6700-4AD6-9330-29A8B7264823}.Ad-Hoc|iPhone.Build.0 = Release|Any CPU
		{D2C5DF5E-6700-4AD6-9330-29A8B7264823}.Ad-Hoc|iPhone.Deploy.0 = Release|Any CPU
		{D2C5DF5E-6700-4AD6-9330-29A8B7264823}.Ad-Hoc|iPhoneSimulator.ActiveCfg = Release|Any CPU
		{D2C5DF5E-6700-4AD6-9330-29A8B7264823}.Ad-Hoc|iPhoneSimulator.Build.0 = Release|Any CPU
		{D2C5DF5E-6700-4AD6-9330-29A8B7264823}.Ad-Hoc|iPhoneSimulator.Deploy.0 = Release|Any CPU
		{D2C5DF5E-6700-4AD6-9330-29A8B7264823}.AppStore|Any CPU.ActiveCfg = Release|Any CPU
		{D2C5DF5E-6700-4AD6-9330-29A8B7264823}.AppStore|Any CPU.Build.0 = Release|Any CPU
		{D2C5DF5E-6700-4AD6-9330-29A8B7264823}.AppStore|Any CPU.Deploy.0 = Release|Any CPU
		{D2C5DF5E-6700-4AD6-9330-29A8B7264823}.AppStore|iPhone.ActiveCfg = Release|Any CPU
		{D2C5DF5E-6700-4AD6-9330-29A8B7264823}.AppStore|iPhone.Build.0 = Release|Any CPU
		{D2C5DF5E-6700-4AD6-9330-29A8B7264823}.AppStore|iPhone.Deploy.0 = Release|Any CPU
		{D2C5DF5E-6700-4AD6-9330-29A8B7264823}.AppStore|iPhoneSimulator.ActiveCfg = Release|Any CPU
		{D2C5DF5E-6700-4AD6-9330-29A8B7264823}.AppStore|iPhoneSimulator.Build.0 = Release|Any CPU
		{D2C5DF5E-6700-4AD6-9330-29A8B7264823}.AppStore|iPhoneSimulator.Deploy.0 = Release|Any CPU
		{D2C5DF5E-6700-4AD6-9330-29A8B7264823}.Debug|Any CPU.ActiveCfg = Debug|Any CPU
		{D2C5DF5E-6700-4AD6-9330-29A8B7264823}.Debug|Any CPU.Build.0 = Debug|Any CPU
		{D2C5DF5E-6700-4AD6-9330-29A8B7264823}.Debug|Any CPU.Deploy.0 = Debug|Any CPU
		{D2C5DF5E-6700-4AD6-9330-29A8B7264823}.Debug|iPhone.ActiveCfg = Debug|Any CPU
		{D2C5DF5E-6700-4AD6-9330-29A8B7264823}.Debug|iPhone.Build.0 = Debug|Any CPU
		{D2C5DF5E-6700-4AD6-9330-29A8B7264823}.Debug|iPhone.Deploy.0 = Debug|Any CPU
		{D2C5DF5E-6700-4AD6-9330-29A8B7264823}.Debug|iPhoneSimulator.ActiveCfg = Debug|Any CPU
		{D2C5DF5E-6700-4AD6-9330-29A8B7264823}.Debug|iPhoneSimulator.Build.0 = Debug|Any CPU
		{D2C5DF5E-6700-4AD6-9330-29A8B7264823}.Debug|iPhoneSimulator.Deploy.0 = Debug|Any CPU
		{D2C5DF5E-6700-4AD6-9330-29A8B7264823}.Release|Any CPU.ActiveCfg = Release|Any CPU
		{D2C5DF5E-6700-4AD6-9330-29A8B7264823}.Release|Any CPU.Build.0 = Release|Any CPU
		{D2C5DF5E-6700-4AD6-9330-29A8B7264823}.Release|Any CPU.Deploy.0 = Release|Any CPU
		{D2C5DF5E-6700-4AD6-9330-29A8B7264823}.Release|iPhone.ActiveCfg = Release|Any CPU
		{D2C5DF5E-6700-4AD6-9330-29A8B7264823}.Release|iPhone.Build.0 = Release|Any CPU
		{D2C5DF5E-6700-4AD6-9330-29A8B7264823}.Release|iPhone.Deploy.0 = Release|Any CPU
		{D2C5DF5E-6700-4AD6-9330-29A8B7264823}.Release|iPhoneSimulator.ActiveCfg = Release|Any CPU
		{D2C5DF5E-6700-4AD6-9330-29A8B7264823}.Release|iPhoneSimulator.Build.0 = Release|Any CPU
		{D2C5DF5E-6700-4AD6-9330-29A8B7264823}.Release|iPhoneSimulator.Deploy.0 = Release|Any CPU
		{738CB071-CB9D-456B-856E-04CBBFBBA1B5}.Ad-Hoc|Any CPU.ActiveCfg = Release|Any CPU
		{738CB071-CB9D-456B-856E-04CBBFBBA1B5}.Ad-Hoc|Any CPU.Build.0 = Release|Any CPU
		{738CB071-CB9D-456B-856E-04CBBFBBA1B5}.Ad-Hoc|iPhone.ActiveCfg = Release|Any CPU
		{738CB071-CB9D-456B-856E-04CBBFBBA1B5}.Ad-Hoc|iPhone.Build.0 = Release|Any CPU
		{738CB071-CB9D-456B-856E-04CBBFBBA1B5}.Ad-Hoc|iPhoneSimulator.ActiveCfg = Release|Any CPU
		{738CB071-CB9D-456B-856E-04CBBFBBA1B5}.Ad-Hoc|iPhoneSimulator.Build.0 = Release|Any CPU
		{738CB071-CB9D-456B-856E-04CBBFBBA1B5}.AppStore|Any CPU.ActiveCfg = Release|Any CPU
		{738CB071-CB9D-456B-856E-04CBBFBBA1B5}.AppStore|Any CPU.Build.0 = Release|Any CPU
		{738CB071-CB9D-456B-856E-04CBBFBBA1B5}.AppStore|iPhone.ActiveCfg = Release|Any CPU
		{738CB071-CB9D-456B-856E-04CBBFBBA1B5}.AppStore|iPhone.Build.0 = Release|Any CPU
		{738CB071-CB9D-456B-856E-04CBBFBBA1B5}.AppStore|iPhoneSimulator.ActiveCfg = Release|Any CPU
		{738CB071-CB9D-456B-856E-04CBBFBBA1B5}.AppStore|iPhoneSimulator.Build.0 = Release|Any CPU
		{738CB071-CB9D-456B-856E-04CBBFBBA1B5}.Debug|Any CPU.ActiveCfg = Debug|Any CPU
		{738CB071-CB9D-456B-856E-04CBBFBBA1B5}.Debug|Any CPU.Build.0 = Debug|Any CPU
		{738CB071-CB9D-456B-856E-04CBBFBBA1B5}.Debug|iPhone.ActiveCfg = Debug|Any CPU
		{738CB071-CB9D-456B-856E-04CBBFBBA1B5}.Debug|iPhone.Build.0 = Debug|Any CPU
		{738CB071-CB9D-456B-856E-04CBBFBBA1B5}.Debug|iPhoneSimulator.ActiveCfg = Debug|Any CPU
		{738CB071-CB9D-456B-856E-04CBBFBBA1B5}.Debug|iPhoneSimulator.Build.0 = Debug|Any CPU
		{738CB071-CB9D-456B-856E-04CBBFBBA1B5}.Release|Any CPU.ActiveCfg = Release|Any CPU
		{738CB071-CB9D-456B-856E-04CBBFBBA1B5}.Release|Any CPU.Build.0 = Release|Any CPU
		{738CB071-CB9D-456B-856E-04CBBFBBA1B5}.Release|iPhone.ActiveCfg = Release|Any CPU
		{738CB071-CB9D-456B-856E-04CBBFBBA1B5}.Release|iPhone.Build.0 = Release|Any CPU
		{738CB071-CB9D-456B-856E-04CBBFBBA1B5}.Release|iPhoneSimulator.ActiveCfg = Release|Any CPU
		{738CB071-CB9D-456B-856E-04CBBFBBA1B5}.Release|iPhoneSimulator.Build.0 = Release|Any CPU
		{B532E988-7DE6-4C95-B71E-5297165739B1}.Ad-Hoc|Any CPU.ActiveCfg = Ad-Hoc|iPhone
		{B532E988-7DE6-4C95-B71E-5297165739B1}.Ad-Hoc|iPhone.ActiveCfg = Ad-Hoc|iPhone
		{B532E988-7DE6-4C95-B71E-5297165739B1}.Ad-Hoc|iPhone.Build.0 = Ad-Hoc|iPhone
		{B532E988-7DE6-4C95-B71E-5297165739B1}.Ad-Hoc|iPhoneSimulator.ActiveCfg = Ad-Hoc|iPhoneSimulator
		{B532E988-7DE6-4C95-B71E-5297165739B1}.Ad-Hoc|iPhoneSimulator.Build.0 = Ad-Hoc|iPhoneSimulator
		{B532E988-7DE6-4C95-B71E-5297165739B1}.AppStore|Any CPU.ActiveCfg = AppStore|iPhone
		{B532E988-7DE6-4C95-B71E-5297165739B1}.AppStore|iPhone.ActiveCfg = AppStore|iPhone
		{B532E988-7DE6-4C95-B71E-5297165739B1}.AppStore|iPhone.Build.0 = AppStore|iPhone
		{B532E988-7DE6-4C95-B71E-5297165739B1}.AppStore|iPhoneSimulator.ActiveCfg = AppStore|iPhoneSimulator
		{B532E988-7DE6-4C95-B71E-5297165739B1}.AppStore|iPhoneSimulator.Build.0 = AppStore|iPhoneSimulator
		{B532E988-7DE6-4C95-B71E-5297165739B1}.Debug|Any CPU.ActiveCfg = Debug|iPhone
		{B532E988-7DE6-4C95-B71E-5297165739B1}.Debug|iPhone.ActiveCfg = Debug|iPhone
		{B532E988-7DE6-4C95-B71E-5297165739B1}.Debug|iPhone.Build.0 = Debug|iPhone
		{B532E988-7DE6-4C95-B71E-5297165739B1}.Debug|iPhoneSimulator.ActiveCfg = Debug|iPhoneSimulator
		{B532E988-7DE6-4C95-B71E-5297165739B1}.Debug|iPhoneSimulator.Build.0 = Debug|iPhoneSimulator
		{B532E988-7DE6-4C95-B71E-5297165739B1}.Release|Any CPU.ActiveCfg = Release|iPhone
		{B532E988-7DE6-4C95-B71E-5297165739B1}.Release|iPhone.ActiveCfg = Release|iPhone
		{B532E988-7DE6-4C95-B71E-5297165739B1}.Release|iPhone.Build.0 = Release|iPhone
		{B532E988-7DE6-4C95-B71E-5297165739B1}.Release|iPhoneSimulator.ActiveCfg = Release|iPhoneSimulator
		{B532E988-7DE6-4C95-B71E-5297165739B1}.Release|iPhoneSimulator.Build.0 = Release|iPhoneSimulator
		{F2212E22-7AA3-4C39-B43C-1F76AA05D7C2}.Ad-Hoc|Any CPU.ActiveCfg = Debug|Any CPU
		{F2212E22-7AA3-4C39-B43C-1F76AA05D7C2}.Ad-Hoc|Any CPU.Build.0 = Debug|Any CPU
		{F2212E22-7AA3-4C39-B43C-1F76AA05D7C2}.Ad-Hoc|iPhone.ActiveCfg = Debug|Any CPU
		{F2212E22-7AA3-4C39-B43C-1F76AA05D7C2}.Ad-Hoc|iPhone.Build.0 = Debug|Any CPU
		{F2212E22-7AA3-4C39-B43C-1F76AA05D7C2}.Ad-Hoc|iPhoneSimulator.ActiveCfg = Debug|Any CPU
		{F2212E22-7AA3-4C39-B43C-1F76AA05D7C2}.Ad-Hoc|iPhoneSimulator.Build.0 = Debug|Any CPU
		{F2212E22-7AA3-4C39-B43C-1F76AA05D7C2}.AppStore|Any CPU.ActiveCfg = Debug|Any CPU
		{F2212E22-7AA3-4C39-B43C-1F76AA05D7C2}.AppStore|Any CPU.Build.0 = Debug|Any CPU
		{F2212E22-7AA3-4C39-B43C-1F76AA05D7C2}.AppStore|iPhone.ActiveCfg = Debug|Any CPU
		{F2212E22-7AA3-4C39-B43C-1F76AA05D7C2}.AppStore|iPhone.Build.0 = Debug|Any CPU
		{F2212E22-7AA3-4C39-B43C-1F76AA05D7C2}.AppStore|iPhoneSimulator.ActiveCfg = Debug|Any CPU
		{F2212E22-7AA3-4C39-B43C-1F76AA05D7C2}.AppStore|iPhoneSimulator.Build.0 = Debug|Any CPU
		{F2212E22-7AA3-4C39-B43C-1F76AA05D7C2}.Debug|Any CPU.ActiveCfg = Debug|Any CPU
		{F2212E22-7AA3-4C39-B43C-1F76AA05D7C2}.Debug|Any CPU.Build.0 = Debug|Any CPU
		{F2212E22-7AA3-4C39-B43C-1F76AA05D7C2}.Debug|iPhone.ActiveCfg = Debug|Any CPU
		{F2212E22-7AA3-4C39-B43C-1F76AA05D7C2}.Debug|iPhone.Build.0 = Debug|Any CPU
		{F2212E22-7AA3-4C39-B43C-1F76AA05D7C2}.Debug|iPhoneSimulator.ActiveCfg = Debug|Any CPU
		{F2212E22-7AA3-4C39-B43C-1F76AA05D7C2}.Debug|iPhoneSimulator.Build.0 = Debug|Any CPU
		{F2212E22-7AA3-4C39-B43C-1F76AA05D7C2}.Release|Any CPU.ActiveCfg = Release|Any CPU
		{F2212E22-7AA3-4C39-B43C-1F76AA05D7C2}.Release|Any CPU.Build.0 = Release|Any CPU
		{F2212E22-7AA3-4C39-B43C-1F76AA05D7C2}.Release|iPhone.ActiveCfg = Release|Any CPU
		{F2212E22-7AA3-4C39-B43C-1F76AA05D7C2}.Release|iPhone.Build.0 = Release|Any CPU
		{F2212E22-7AA3-4C39-B43C-1F76AA05D7C2}.Release|iPhoneSimulator.ActiveCfg = Release|Any CPU
		{F2212E22-7AA3-4C39-B43C-1F76AA05D7C2}.Release|iPhoneSimulator.Build.0 = Release|Any CPU
	EndGlobalSection
	GlobalSection(SolutionProperties) = preSolution
		HideSolutionNode = FALSE
	EndGlobalSection
	GlobalSection(ExtensibilityGlobals) = postSolution
		SolutionGuid = {DB67FFE1-FA64-4DE6-B75D-3B37212D16AB}
	EndGlobalSection
EndGlobal
